
Microsoft Visual Studio Solution File, Format Version 12.00
# Visual Studio Version 17
VisualStudioVersion = 17.9.34902.65
MinimumVisualStudioVersion = 10.0.40219.1
Project("{9A19103F-16F7-4668-BE54-9A1E7A4F7556}") = "UmblerTransactions.Blazor", "src\UmblerTransactions.Blazor\UmblerTransactions.Blazor.csproj", "{AFFCE4D1-6423-4CE3-9012-B0A4292A76F1}"
EndProject
Project("{9A19103F-16F7-4668-BE54-9A1E7A4F7556}") = "UmblerTransactions.Domain", "src\UmblerTransactions.Domain\UmblerTransactions.Domain.csproj", "{02C3BCB6-22E0-4EA5-A9E7-EF9D225C7F9C}"
EndProject
Project("{9A19103F-16F7-4668-BE54-9A1E7A4F7556}") = "UmblerTransactions.Infrastructure", "src\UmblerTransactions.Infrastructure\UmblerTransactions.Infrastructure.csproj", "{59A5A603-EE74-453A-9B8F-C94AF36D04E8}"
EndProject
Global
	GlobalSection(SolutionConfigurationPlatforms) = preSolution
		Debug|Any CPU = Debug|Any CPU
		Release|Any CPU = Release|Any CPU
	EndGlobalSection
	GlobalSection(ProjectConfigurationPlatforms) = postSolution
		{AFFCE4D1-6423-4CE3-9012-B0A4292A76F1}.Debug|Any CPU.ActiveCfg = Debug|Any CPU
		{AFFCE4D1-6423-4CE3-9012-B0A4292A76F1}.Debug|Any CPU.Build.0 = Debug|Any CPU
		{AFFCE4D1-6423-4CE3-9012-B0A4292A76F1}.Release|Any CPU.ActiveCfg = Release|Any CPU
		{AFFCE4D1-6423-4CE3-9012-B0A4292A76F1}.Release|Any CPU.Build.0 = Release|Any CPU
		{02C3BCB6-22E0-4EA5-A9E7-EF9D225C7F9C}.Debug|Any CPU.ActiveCfg = Debug|Any CPU
		{02C3BCB6-22E0-4EA5-A9E7-EF9D225C7F9C}.Debug|Any CPU.Build.0 = Debug|Any CPU
		{02C3BCB6-22E0-4EA5-A9E7-EF9D225C7F9C}.Release|Any CPU.ActiveCfg = Release|Any CPU
		{02C3BCB6-22E0-4EA5-A9E7-EF9D225C7F9C}.Release|Any CPU.Build.0 = Release|Any CPU
		{59A5A603-EE74-453A-9B8F-C94AF36D04E8}.Debug|Any CPU.ActiveCfg = Debug|Any CPU
		{59A5A603-EE74-453A-9B8F-C94AF36D04E8}.Debug|Any CPU.Build.0 = Debug|Any CPU
		{59A5A603-EE74-453A-9B8F-C94AF36D04E8}.Release|Any CPU.ActiveCfg = Release|Any CPU
		{59A5A603-EE74-453A-9B8F-C94AF36D04E8}.Release|Any CPU.Build.0 = Release|Any CPU
	EndGlobalSection
	GlobalSection(SolutionProperties) = preSolution
		HideSolutionNode = FALSE
	EndGlobalSection
	GlobalSection(ExtensibilityGlobals) = postSolution
		SolutionGuid = {1469A59B-48C2-4AE8-BFD5-11EAB0EB3746}
	EndGlobalSection
EndGlobal
